
Microsoft Visual Studio Solution File, Format Version 12.00
# Visual Studio Version 17
VisualStudioVersion = 17.7.34221.43
MinimumVisualStudioVersion = 10.0.40219.1
Project("{FAE04EC0-301F-11D3-BF4B-00C04F79EFBC}") = "ScopedService", "ScopedService\ScopedService.csproj", "{27AEEE4E-EBBB-49E9-A6BD-8F870E81D9CE}"
EndProject
Global
	GlobalSection(SolutionConfigurationPlatforms) = preSolution
		Debug|Any CPU = Debug|Any CPU
		Release|Any CPU = Release|Any CPU
	EndGlobalSection
	GlobalSection(ProjectConfigurationPlatforms) = postSolution
		{27AEEE4E-EBBB-49E9-A6BD-8F870E81D9CE}.Debug|Any CPU.ActiveCfg = Debug|Any CPU
		{27AEEE4E-EBBB-49E9-A6BD-8F870E81D9CE}.Debug|Any CPU.Build.0 = Debug|Any CPU
		{27AEEE4E-EBBB-49E9-A6BD-8F870E81D9CE}.Release|Any CPU.ActiveCfg = Release|Any CPU
		{27AEEE4E-EBBB-49E9-A6BD-8F870E81D9CE}.Release|Any CPU.Build.0 = Release|Any CPU
	EndGlobalSection
	GlobalSection(SolutionProperties) = preSolution
		HideSolutionNode = FALSE
	EndGlobalSection
	GlobalSection(ExtensibilityGlobals) = postSolution
		SolutionGuid = {8E5444C4-62C0-460D-BE0D-C54C67546FC1}
	EndGlobalSection
EndGlobal
